
Microsoft Visual Studio Solution File, Format Version 12.00
# Visual Studio Version 16
VisualStudioVersion = 16.0.32802.440
MinimumVisualStudioVersion = 10.0.40219.1
Project("{FAE04EC0-301F-11D3-BF4B-00C04F79EFBC}") = "simple calculator", "simple calculator\simple calculator.csproj", "{832D82C1-1025-4CB1-A378-27207D6E1324}"
EndProject
Global
	GlobalSection(SolutionConfigurationPlatforms) = preSolution
		Debug|Any CPU = Debug|Any CPU
		Release|Any CPU = Release|Any CPU
	EndGlobalSection
	GlobalSection(ProjectConfigurationPlatforms) = postSolution
		{832D82C1-1025-4CB1-A378-27207D6E1324}.Debug|Any CPU.ActiveCfg = Debug|Any CPU
		{832D82C1-1025-4CB1-A378-27207D6E1324}.Debug|Any CPU.Build.0 = Debug|Any CPU
		{832D82C1-1025-4CB1-A378-27207D6E1324}.Release|Any CPU.ActiveCfg = Release|Any CPU
		{832D82C1-1025-4CB1-A378-27207D6E1324}.Release|Any CPU.Build.0 = Release|Any CPU
	EndGlobalSection
	GlobalSection(SolutionProperties) = preSolution
		HideSolutionNode = FALSE
	EndGlobalSection
	GlobalSection(ExtensibilityGlobals) = postSolution
		SolutionGuid = {68A1A879-DC99-4AF4-8F4E-FC7B04FBF820}
	EndGlobalSection
EndGlobal
